// !$*UTF8*$!
{
	archiveVersion = 1;
	classes = {
	};
	objectVersion = 46;
	objects = {

/* Begin PBXBuildFile section */
		87146FEB1B163F2B00535BDC /* main.m in Sources */ = {isa = PBXBuildFile; fileRef = 87146FEA1B163F2B00535BDC /* main.m */; };
		87146FEE1B163F2B00535BDC /* AppDelegate.m in Sources */ = {isa = PBXBuildFile; fileRef = 87146FED1B163F2B00535BDC /* AppDelegate.m */; };
		87146FF11B163F2B00535BDC /* ViewController.m in Sources */ = {isa = PBXBuildFile; fileRef = 87146FF01B163F2B00535BDC /* ViewController.m */; };
		87146FF41B163F2B00535BDC /* Main.storyboard in Resources */ = {isa = PBXBuildFile; fileRef = 87146FF21B163F2B00535BDC /* Main.storyboard */; };
		87146FF61B163F2B00535BDC /* Images.xcassets in Resources */ = {isa = PBXBuildFile; fileRef = 87146FF51B163F2B00535BDC /* Images.xcassets */; };
		87146FF91B163F2B00535BDC /* LaunchScreen.xib in Resources */ = {isa = PBXBuildFile; fileRef = 87146FF71B163F2B00535BDC /* LaunchScreen.xib */; };
		871470051B163F2B00535BDC /* MyGithubExampleTests.m in Sources */ = {isa = PBXBuildFile; fileRef = 871470041B163F2B00535BDC /* MyGithubExampleTests.m */; };
/* End PBXBuildFile section */

/* Begin PBXContainerItemProxy section */
		87146FFF1B163F2B00535BDC /* PBXContainerItemProxy */ = {
			isa = PBXContainerItemProxy;
			containerPortal = 87146FDD1B163F2B00535BDC /* Project object */;
			proxyType = 1;
			remoteGlobalIDString = 87146FE41B163F2B00535BDC;
			remoteInfo = MyGithubExample;
		};
/* End PBXContainerItemProxy section */

/* Begin PBXFileReference section */
		87146FE51B163F2B00535BDC /* MyGithubExample.app */ = {isa = PBXFileReference; explicitFileType = wrapper.application; includeInIndex = 0; path = MyGithubExample.app; sourceTree = BUILT_PRODUCTS_DIR; };
		87146FE91B163F2B00535BDC /* Info.plist */ = {isa = PBXFileReference; lastKnownFileType = text.plist.xml; path = Info.plist; sourceTree = "<group>"; };
		87146FEA1B163F2B00535BDC /* main.m */ = {isa = PBXFileReference; lastKnownFileType = sourcecode.c.objc; path = main.m; sourceTree = "<group>"; };
		87146FEC1B163F2B00535BDC /* AppDelegate.h */ = {isa = PBXFileReference; lastKnownFileType = sourcecode.c.h; path = AppDelegate.h; sourceTree = "<group>"; };
		87146FED1B163F2B00535BDC /* AppDelegate.m */ = {isa = PBXFileReference; lastKnownFileType = sourcecode.c.objc; path = AppDelegate.m; sourceTree = "<group>"; };
		87146FEF1B163F2B00535BDC /* ViewController.h */ = {isa = PBXFileReference; lastKnownFileType = sourcecode.c.h; path = ViewController.h; sourceTree = "<group>"; };
		87146FF01B163F2B00535BDC /* ViewController.m */ = {isa = PBXFileReference; lastKnownFileType = sourcecode.c.objc; path = ViewController.m; sourceTree = "<group>"; };
		87146FF31B163F2B00535BDC /* Base */ = {isa = PBXFileReference; lastKnownFileType = file.storyboard; name = Base; path = Base.lproj/Main.storyboard; sourceTree = "<group>"; };
		87146FF51B163F2B00535BDC /* Images.xcassets */ = {isa = PBXFileReference; lastKnownFileType = folder.assetcatalog; path = Images.xcassets; sourceTree = "<group>"; };
		87146FF81B163F2B00535BDC /* Base */ = {isa = PBXFileReference; lastKnownFileType = file.xib; name = Base; path = Base.lproj/LaunchScreen.xib; sourceTree = "<group>"; };
		87146FFE1B163F2B00535BDC /* MyGithubExampleTests.xctest */ = {isa = PBXFileReference; explicitFileType = wrapper.cfbundle; includeInIndex = 0; path = MyGithubExampleTests.xctest; sourceTree = BUILT_PRODUCTS_DIR; };
		871470031B163F2B00535BDC /* Info.plist */ = {isa = PBXFileReference; lastKnownFileType = text.plist.xml; path = Info.plist; sourceTree = "<group>"; };
		871470041B163F2B00535BDC /* MyGithubExampleTests.m */ = {isa = PBXFileReference; lastKnownFileType = sourcecode.c.objc; path = MyGithubExampleTests.m; sourceTree = "<group>"; };
/* End PBXFileReference section */

/* Begin PBXFrameworksBuildPhase section */
		87146FE21B163F2B00535BDC /* Frameworks */ = {
			isa = PBXFrameworksBuildPhase;
			buildActionMask = 2147483647;
			files = (
			);
			runOnlyForDeploymentPostprocessing = 0;
		};
		87146FFB1B163F2B00535BDC /* Frameworks */ = {
			isa = PBXFrameworksBuildPhase;
			buildActionMask = 2147483647;
			files = (
			);
			runOnlyForDeploymentPostprocessing = 0;
		};
/* End PBXFrameworksBuildPhase section */

/* Begin PBXGroup section */
		87146FDC1B163F2B00535BDC = {
			isa = PBXGroup;
			children = (
				87146FE71B163F2B00535BDC /* MyGithubExample */,
				871470011B163F2B00535BDC /* MyGithubExampleTests */,
				87146FE61B163F2B00535BDC /* Products */,
			);
			sourceTree = "<group>";
		};
		87146FE61B163F2B00535BDC /* Products */ = {
			isa = PBXGroup;
			children = (
				87146FE51B163F2B00535BDC /* MyGithubExample.app */,
				87146FFE1B163F2B00535BDC /* MyGithubExampleTests.xctest */,
			);
			name = Products;
			sourceTree = "<group>";
		};
		87146FE71B163F2B00535BDC /* MyGithubExample */ = {
			isa = PBXGroup;
			children = (
				87146FEC1B163F2B00535BDC /* AppDelegate.h */,
				87146FED1B163F2B00535BDC /* AppDelegate.m */,
				87146FEF1B163F2B00535BDC /* ViewController.h */,
				87146FF01B163F2B00535BDC /* ViewController.m */,
				87146FF21B163F2B00535BDC /* Main.storyboard */,
				87146FF51B163F2B00535BDC /* Images.xcassets */,
				87146FF71B163F2B00535BDC /* LaunchScreen.xib */,
				87146FE81B163F2B00535BDC /* Supporting Files */,
			);
			path = MyGithubExample;
			sourceTree = "<group>";
		};
		87146FE81B163F2B00535BDC /* Supporting Files */ = {
			isa = PBXGroup;
			children = (
				87146FE91B163F2B00535BDC /* Info.plist */,
				87146FEA1B163F2B00535BDC /* main.m */,
			);
			name = "Supporting Files";
			sourceTree = "<group>";
		};
		871470011B163F2B00535BDC /* MyGithubExampleTests */ = {
			isa = PBXGroup;
			children = (
				871470041B163F2B00535BDC /* MyGithubExampleTests.m */,
				871470021B163F2B00535BDC /* Supporting Files */,
			);
			path = MyGithubExampleTests;
			sourceTree = "<group>";
		};
		871470021B163F2B00535BDC /* Supporting Files */ = {
			isa = PBXGroup;
			children = (
				871470031B163F2B00535BDC /* Info.plist */,
			);
			name = "Supporting Files";
			sourceTree = "<group>";
		};
/* End PBXGroup section */

/* Begin PBXNativeTarget section */
		87146FE41B163F2B00535BDC /* MyGithubExample */ = {
			isa = PBXNativeTarget;
			buildConfigurationList = 871470081B163F2B00535BDC /* Build configuration list for PBXNativeTarget "MyGithubExample" */;
			buildPhases = (
				87146FE11B163F2B00535BDC /* Sources */,
				87146FE21B163F2B00535BDC /* Frameworks */,
				87146FE31B163F2B00535BDC /* Resources */,
			);
			buildRules = (
			);
			dependencies = (
			);
			name = MyGithubExample;
			productName = MyGithubExample;
			productReference = 87146FE51B163F2B00535BDC /* MyGithubExample.app */;
			productType = "com.apple.product-type.application";
		};
		87146FFD1B163F2B00535BDC /* MyGithubExampleTests */ = {
			isa = PBXNativeTarget;
			buildConfigurationList = 8714700B1B163F2B00535BDC /* Build configuration list for PBXNativeTarget "MyGithubExampleTests" */;
			buildPhases = (
				87146FFA1B163F2B00535BDC /* Sources */,
				87146FFB1B163F2B00535BDC /* Frameworks */,
				87146FFC1B163F2B00535BDC /* Resources */,
			);
			buildRules = (
			);
			dependencies = (
				871470001B163F2B00535BDC /* PBXTargetDependency */,
			);
			name = MyGithubExampleTests;
			productName = MyGithubExampleTests;
			productReference = 87146FFE1B163F2B00535BDC /* MyGithubExampleTests.xctest */;
			productType = "com.apple.product-type.bundle.unit-test";
		};
/* End PBXNativeTarget section */

/* Begin PBXProject section */
		87146FDD1B163F2B00535BDC /* Project object */ = {
			isa = PBXProject;
			attributes = {
				LastUpgradeCheck = 0610;
				ORGANIZATIONNAME = ProV;
				TargetAttributes = {
					87146FE41B163F2B00535BDC = {
						CreatedOnToolsVersion = 6.1.1;
					};
					87146FFD1B163F2B00535BDC = {
						CreatedOnToolsVersion = 6.1.1;
						TestTargetID = 87146FE41B163F2B00535BDC;
					};
				};
			};
			buildConfigurationList = 87146FE01B163F2B00535BDC /* Build configuration list for PBXProject "MyGithubExample" */;
			compatibilityVersion = "Xcode 3.2";
			developmentRegion = English;
			hasScannedForEncodings = 0;
			knownRegions = (
				en,
				Base,
			);
			mainGroup = 87146FDC1B163F2B00535BDC;
			productRefGroup = 87146FE61B163F2B00535BDC /* Products */;
			projectDirPath = "";
			projectRoot = "";
			targets = (
				87146FE41B163F2B00535BDC /* MyGithubExample */,
				87146FFD1B163F2B00535BDC /* MyGithubExampleTests */,
			);
		};
/* End PBXProject section */

/* Begin PBXResourcesBuildPhase section */
		87146FE31B163F2B00535BDC /* Resources */ = {
			isa = PBXResourcesBuildPhase;
			buildActionMask = 2147483647;
			files = (
				87146FF41B163F2B00535BDC /* Main.storyboard in Resources */,
				87146FF91B163F2B00535BDC /* LaunchScreen.xib in Resources */,
				87146FF61B163F2B00535BDC /* Images.xcassets in Resources */,
			);
			runOnlyForDeploymentPostprocessing = 0;
		};
		87146FFC1B163F2B00535BDC /* Resources */ = {
			isa = PBXResourcesBuildPhase;
			buildActionMask = 2147483647;
			files = (
			);
			runOnlyForDeploymentPostprocessing = 0;
		};
/* End PBXResourcesBuildPhase section */

/* Begin PBXSourcesBuildPhase section */
		87146FE11B163F2B00535BDC /* Sources */ = {
			isa = PBXSourcesBuildPhase;
			buildActionMask = 2147483647;
			files = (
				87146FF11B163F2B00535BDC /* ViewController.m in Sources */,
				87146FEE1B163F2B00535BDC /* AppDelegate.m in Sources */,
				87146FEB1B163F2B00535BDC /* main.m in Sources */,
			);
			runOnlyForDeploymentPostprocessing = 0;
		};
		87146FFA1B163F2B00535BDC /* Sources */ = {
			isa = PBXSourcesBuildPhase;
			buildActionMask = 2147483647;
			files = (
				871470051B163F2B00535BDC /* MyGithubExampleTests.m in Sources */,
			);
			runOnlyForDeploymentPostprocessing = 0;
		};
/* End PBXSourcesBuildPhase section */

/* Begin PBXTargetDependency section */
		871470001B163F2B00535BDC /* PBXTargetDependency */ = {
			isa = PBXTargetDependency;
			target = 87146FE41B163F2B00535BDC /* MyGithubExample */;
			targetProxy = 87146FFF1B163F2B00535BDC /* PBXContainerItemProxy */;
		};
/* End PBXTargetDependency section */

/* Begin PBXVariantGroup section */
		87146FF21B163F2B00535BDC /* Main.storyboard */ = {
			isa = PBXVariantGroup;
			children = (
				87146FF31B163F2B00535BDC /* Base */,
			);
			name = Main.storyboard;
			sourceTree = "<group>";
		};
		87146FF71B163F2B00535BDC /* LaunchScreen.xib */ = {
			isa = PBXVariantGroup;
			children = (
				87146FF81B163F2B00535BDC /* Base */,
			);
			name = LaunchScreen.xib;
			sourceTree = "<group>";
		};
/* End PBXVariantGroup section */

/* Begin XCBuildConfiguration section */
		871470061B163F2B00535BDC /* Debug */ = {
			isa = XCBuildConfiguration;
			buildSettings = {
				ALWAYS_SEARCH_USER_PATHS = NO;
				CLANG_CXX_LANGUAGE_STANDARD = "gnu++0x";
				CLANG_CXX_LIBRARY = "libc++";
				CLANG_ENABLE_MODULES = YES;
				CLANG_ENABLE_OBJC_ARC = YES;
				CLANG_WARN_BOOL_CONVERSION = YES;
				CLANG_WARN_CONSTANT_CONVERSION = YES;
				CLANG_WARN_DIRECT_OBJC_ISA_USAGE = YES_ERROR;
				CLANG_WARN_EMPTY_BODY = YES;
				CLANG_WARN_ENUM_CONVERSION = YES;
				CLANG_WARN_INT_CONVERSION = YES;
				CLANG_WARN_OBJC_ROOT_CLASS = YES_ERROR;
				CLANG_WARN_UNREACHABLE_CODE = YES;
				CLANG_WARN__DUPLICATE_METHOD_MATCH = YES;
				"CODE_SIGN_IDENTITY[sdk=iphoneos*]" = "iPhone Developer";
				COPY_PHASE_STRIP = NO;
				ENABLE_STRICT_OBJC_MSGSEND = YES;
				GCC_C_LANGUAGE_STANDARD = gnu99;
				GCC_DYNAMIC_NO_PIC = NO;
				GCC_OPTIMIZATION_LEVEL = 0;
				GCC_PREPROCESSOR_DEFINITIONS = (
					"DEBUG=1",
					"$(inherited)",
				);
				GCC_SYMBOLS_PRIVATE_EXTERN = NO;
				GCC_WARN_64_TO_32_BIT_CONVERSION = YES;
				GCC_WARN_ABOUT_RETURN_TYPE = YES_ERROR;
				GCC_WARN_UNDECLARED_SELECTOR = YES;
				GCC_WARN_UNINITIALIZED_AUTOS = YES_AGGRESSIVE;
				GCC_WARN_UNUSED_FUNCTION = YES;
				GCC_WARN_UNUSED_VARIABLE = YES;
				IPHONEOS_DEPLOYMENT_TARGET = 8.1;
				MTL_ENABLE_DEBUG_INFO = YES;
				ONLY_ACTIVE_ARCH = YES;
				SDKROOT = iphoneos;
			};
			name = Debug;
		};
		871470071B163F2B00535BDC /* Release */ = {
			isa = XCBuildConfiguration;
			buildSettings = {
				ALWAYS_SEARCH_USER_PATHS = NO;
				CLANG_CXX_LANGUAGE_STANDARD = "gnu++0x";
				CLANG_CXX_LIBRARY = "libc++";
				CLANG_ENABLE_MODULES = YES;
				CLANG_ENABLE_OBJC_ARC = YES;
				CLANG_WARN_BOOL_CONVERSION = YES;
				CLANG_WARN_CONSTANT_CONVERSION = YES;
				CLANG_WARN_DIRECT_OBJC_ISA_USAGE = YES_ERROR;
				CLANG_WARN_EMPTY_BODY = YES;
				CLANG_WARN_ENUM_CONVERSION = YES;
				CLANG_WARN_INT_CONVERSION = YES;
				CLANG_WARN_OBJC_ROOT_CLASS = YES_ERROR;
				CLANG_WARN_UNREACHABLE_CODE = YES;
				CLANG_WARN__DUPLICATE_METHOD_MATCH = YES;
				"CODE_SIGN_IDENTITY[sdk=iphoneos*]" = "iPhone Developer";
				COPY_PHASE_STRIP = YES;
				ENABLE_NS_ASSERTIONS = NO;
				ENABLE_STRICT_OBJC_MSGSEND = YES;
				GCC_C_LANGUAGE_STANDARD = gnu99;
				GCC_WARN_64_TO_32_BIT_CONVERSION = YES;
				GCC_WARN_ABOUT_RETURN_TYPE = YES_ERROR;
				GCC_WARN_UNDECLARED_SELECTOR = YES;
				GCC_WARN_UNINITIALIZED_AUTOS = YES_AGGRESSIVE;
				GCC_WARN_UNUSED_FUNCTION = YES;
				GCC_WARN_UNUSED_VARIABLE = YES;
				IPHONEOS_DEPLOYMENT_TARGET = 8.1;
				MTL_ENABLE_DEBUG_INFO = NO;
				SDKROOT = iphoneos;
				VALIDATE_PRODUCT = YES;
			};
			name = Release;
		};
		871470091B163F2B00535BDC /* Debug */ = {
			isa = XCBuildConfiguration;
			buildSettings = {
				ASSETCATALOG_COMPILER_APPICON_NAME = AppIcon;
				INFOPLIST_FILE = MyGithubExample/Info.plist;
				LD_RUNPATH_SEARCH_PATHS = "$(inherited) @executable_path/Frameworks";
				PRODUCT_NAME = "$(TARGET_NAME)";
			};
			name = Debug;
		};
		8714700A1B163F2B00535BDC /* Release */ = {
			isa = XCBuildConfiguration;
			buildSettings = {
				ASSETCATALOG_COMPILER_APPICON_NAME = AppIcon;
				INFOPLIST_FILE = MyGithubExample/Info.plist;
				LD_RUNPATH_SEARCH_PATHS = "$(inherited) @executable_path/Frameworks";
				PRODUCT_NAME = "$(TARGET_NAME)";
			};
			name = Release;
		};
		8714700C1B163F2B00535BDC /* Debug */ = {
			isa = XCBuildConfiguration;
			buildSettings = {
				BUNDLE_LOADER = "$(TEST_HOST)";
				FRAMEWORK_SEARCH_PATHS = (
					"$(SDKROOT)/Developer/Library/Frameworks",
					"$(inherited)",
				);
				GCC_PREPROCESSOR_DEFINITIONS = (
					"DEBUG=1",
					"$(inherited)",
				);
				INFOPLIST_FILE = MyGithubExampleTests/Info.plist;
				LD_RUNPATH_SEARCH_PATHS = "$(inherited) @executable_path/Frameworks @loader_path/Frameworks";
				PRODUCT_NAME = "$(TARGET_NAME)";
				TEST_HOST = "$(BUILT_PRODUCTS_DIR)/MyGithubExample.app/MyGithubExample";
			};
			name = Debug;
		};
		8714700D1B163F2B00535BDC /* Release */ = {
			isa = XCBuildConfiguration;
			buildSettings = {
				BUNDLE_LOADER = "$(TEST_HOST)";
				FRAMEWORK_SEARCH_PATHS = (
					"$(SDKROOT)/Developer/Library/Frameworks",
					"$(inherited)",
				);
				INFOPLIST_FILE = MyGithubExampleTests/Info.plist;
				LD_RUNPATH_SEARCH_PATHS = "$(inherited) @executable_path/Frameworks @loader_path/Frameworks";
				PRODUCT_NAME = "$(TARGET_NAME)";
				TEST_HOST = "$(BUILT_PRODUCTS_DIR)/MyGithubExample.app/MyGithubExample";
			};
			name = Release;
		};
/* End XCBuildConfiguration section */

/* Begin XCConfigurationList section */
		87146FE01B163F2B00535BDC /* Build configuration list for PBXProject "MyGithubExample" */ = {
			isa = XCConfigurationList;
			buildConfigurations = (
				871470061B163F2B00535BDC /* Debug */,
				871470071B163F2B00535BDC /* Release */,
			);
			defaultConfigurationIsVisible = 0;
			defaultConfigurationName = Release;
		};
		871470081B163F2B00535BDC /* Build configuration list for PBXNativeTarget "MyGithubExample" */ = {
			isa = XCConfigurationList;
			buildConfigurations = (
				871470091B163F2B00535BDC /* Debug */,
				8714700A1B163F2B00535BDC /* Release */,
			);
			defaultConfigurationIsVisible = 0;
		};
		8714700B1B163F2B00535BDC /* Build configuration list for PBXNativeTarget "MyGithubExampleTests" */ = {
			isa = XCConfigurationList;
			buildConfigurations = (
				8714700C1B163F2B00535BDC /* Debug */,
				8714700D1B163F2B00535BDC /* Release */,
			);
			defaultConfigurationIsVisible = 0;
		};
/* End XCConfigurationList section */
	};
	rootObject = 87146FDD1B163F2B00535BDC /* Project object */;
}
