// !$*UTF8*$!
{
	archiveVersion = 1;
	classes = {
	};
	objectVersion = 46;
	objects = {

/* Begin PBXBuildFile section */
		877DE4911B16368F00D3C5E2 /* main.m in Sources */ = {isa = PBXBuildFile; fileRef = 877DE4901B16368F00D3C5E2 /* main.m */; };
		877DE4941B16368F00D3C5E2 /* AppDelegate.m in Sources */ = {isa = PBXBuildFile; fileRef = 877DE4931B16368F00D3C5E2 /* AppDelegate.m */; };
		877DE4971B16368F00D3C5E2 /* ViewController.m in Sources */ = {isa = PBXBuildFile; fileRef = 877DE4961B16368F00D3C5E2 /* ViewController.m */; };
		877DE49A1B16368F00D3C5E2 /* Main.storyboard in Resources */ = {isa = PBXBuildFile; fileRef = 877DE4981B16368F00D3C5E2 /* Main.storyboard */; };
		877DE49C1B16368F00D3C5E2 /* Images.xcassets in Resources */ = {isa = PBXBuildFile; fileRef = 877DE49B1B16368F00D3C5E2 /* Images.xcassets */; };
		877DE49F1B16368F00D3C5E2 /* LaunchScreen.xib in Resources */ = {isa = PBXBuildFile; fileRef = 877DE49D1B16368F00D3C5E2 /* LaunchScreen.xib */; };
		877DE4AB1B16368F00D3C5E2 /* EaxmpleTests.m in Sources */ = {isa = PBXBuildFile; fileRef = 877DE4AA1B16368F00D3C5E2 /* EaxmpleTests.m */; };
/* End PBXBuildFile section */

/* Begin PBXContainerItemProxy section */
		877DE4A51B16368F00D3C5E2 /* PBXContainerItemProxy */ = {
			isa = PBXContainerItemProxy;
			containerPortal = 877DE4831B16368F00D3C5E2 /* Project object */;
			proxyType = 1;
			remoteGlobalIDString = 877DE48A1B16368F00D3C5E2;
			remoteInfo = Eaxmple;
		};
/* End PBXContainerItemProxy section */

/* Begin PBXFileReference section */
		877DE48B1B16368F00D3C5E2 /* Eaxmple.app */ = {isa = PBXFileReference; explicitFileType = wrapper.application; includeInIndex = 0; path = Eaxmple.app; sourceTree = BUILT_PRODUCTS_DIR; };
		877DE48F1B16368F00D3C5E2 /* Info.plist */ = {isa = PBXFileReference; lastKnownFileType = text.plist.xml; path = Info.plist; sourceTree = "<group>"; };
		877DE4901B16368F00D3C5E2 /* main.m */ = {isa = PBXFileReference; lastKnownFileType = sourcecode.c.objc; path = main.m; sourceTree = "<group>"; };
		877DE4921B16368F00D3C5E2 /* AppDelegate.h */ = {isa = PBXFileReference; lastKnownFileType = sourcecode.c.h; path = AppDelegate.h; sourceTree = "<group>"; };
		877DE4931B16368F00D3C5E2 /* AppDelegate.m */ = {isa = PBXFileReference; lastKnownFileType = sourcecode.c.objc; path = AppDelegate.m; sourceTree = "<group>"; };
		877DE4951B16368F00D3C5E2 /* ViewController.h */ = {isa = PBXFileReference; lastKnownFileType = sourcecode.c.h; path = ViewController.h; sourceTree = "<group>"; };
		877DE4961B16368F00D3C5E2 /* ViewController.m */ = {isa = PBXFileReference; lastKnownFileType = sourcecode.c.objc; path = ViewController.m; sourceTree = "<group>"; };
		877DE4991B16368F00D3C5E2 /* Base */ = {isa = PBXFileReference; lastKnownFileType = file.storyboard; name = Base; path = Base.lproj/Main.storyboard; sourceTree = "<group>"; };
		877DE49B1B16368F00D3C5E2 /* Images.xcassets */ = {isa = PBXFileReference; lastKnownFileType = folder.assetcatalog; path = Images.xcassets; sourceTree = "<group>"; };
		877DE49E1B16368F00D3C5E2 /* Base */ = {isa = PBXFileReference; lastKnownFileType = file.xib; name = Base; path = Base.lproj/LaunchScreen.xib; sourceTree = "<group>"; };
		877DE4A41B16368F00D3C5E2 /* EaxmpleTests.xctest */ = {isa = PBXFileReference; explicitFileType = wrapper.cfbundle; includeInIndex = 0; path = EaxmpleTests.xctest; sourceTree = BUILT_PRODUCTS_DIR; };
		877DE4A91B16368F00D3C5E2 /* Info.plist */ = {isa = PBXFileReference; lastKnownFileType = text.plist.xml; path = Info.plist; sourceTree = "<group>"; };
		877DE4AA1B16368F00D3C5E2 /* EaxmpleTests.m */ = {isa = PBXFileReference; lastKnownFileType = sourcecode.c.objc; path = EaxmpleTests.m; sourceTree = "<group>"; };
/* End PBXFileReference section */

/* Begin PBXFrameworksBuildPhase section */
		877DE4881B16368F00D3C5E2 /* Frameworks */ = {
			isa = PBXFrameworksBuildPhase;
			buildActionMask = 2147483647;
			files = (
			);
			runOnlyForDeploymentPostprocessing = 0;
		};
		877DE4A11B16368F00D3C5E2 /* Frameworks */ = {
			isa = PBXFrameworksBuildPhase;
			buildActionMask = 2147483647;
			files = (
			);
			runOnlyForDeploymentPostprocessing = 0;
		};
/* End PBXFrameworksBuildPhase section */

/* Begin PBXGroup section */
		877DE4821B16368F00D3C5E2 = {
			isa = PBXGroup;
			children = (
				877DE48D1B16368F00D3C5E2 /* Eaxmple */,
				877DE4A71B16368F00D3C5E2 /* EaxmpleTests */,
				877DE48C1B16368F00D3C5E2 /* Products */,
			);
			sourceTree = "<group>";
		};
		877DE48C1B16368F00D3C5E2 /* Products */ = {
			isa = PBXGroup;
			children = (
				877DE48B1B16368F00D3C5E2 /* Eaxmple.app */,
				877DE4A41B16368F00D3C5E2 /* EaxmpleTests.xctest */,
			);
			name = Products;
			sourceTree = "<group>";
		};
		877DE48D1B16368F00D3C5E2 /* Eaxmple */ = {
			isa = PBXGroup;
			children = (
				877DE4921B16368F00D3C5E2 /* AppDelegate.h */,
				877DE4931B16368F00D3C5E2 /* AppDelegate.m */,
				877DE4951B16368F00D3C5E2 /* ViewController.h */,
				877DE4961B16368F00D3C5E2 /* ViewController.m */,
				877DE4981B16368F00D3C5E2 /* Main.storyboard */,
				877DE49B1B16368F00D3C5E2 /* Images.xcassets */,
				877DE49D1B16368F00D3C5E2 /* LaunchScreen.xib */,
				877DE48E1B16368F00D3C5E2 /* Supporting Files */,
			);
			path = Eaxmple;
			sourceTree = "<group>";
		};
		877DE48E1B16368F00D3C5E2 /* Supporting Files */ = {
			isa = PBXGroup;
			children = (
				877DE48F1B16368F00D3C5E2 /* Info.plist */,
				877DE4901B16368F00D3C5E2 /* main.m */,
			);
			name = "Supporting Files";
			sourceTree = "<group>";
		};
		877DE4A71B16368F00D3C5E2 /* EaxmpleTests */ = {
			isa = PBXGroup;
			children = (
				877DE4AA1B16368F00D3C5E2 /* EaxmpleTests.m */,
				877DE4A81B16368F00D3C5E2 /* Supporting Files */,
			);
			path = EaxmpleTests;
			sourceTree = "<group>";
		};
		877DE4A81B16368F00D3C5E2 /* Supporting Files */ = {
			isa = PBXGroup;
			children = (
				877DE4A91B16368F00D3C5E2 /* Info.plist */,
			);
			name = "Supporting Files";
			sourceTree = "<group>";
		};
/* End PBXGroup section */

/* Begin PBXNativeTarget section */
		877DE48A1B16368F00D3C5E2 /* Eaxmple */ = {
			isa = PBXNativeTarget;
			buildConfigurationList = 877DE4AE1B16368F00D3C5E2 /* Build configuration list for PBXNativeTarget "Eaxmple" */;
			buildPhases = (
				877DE4871B16368F00D3C5E2 /* Sources */,
				877DE4881B16368F00D3C5E2 /* Frameworks */,
				877DE4891B16368F00D3C5E2 /* Resources */,
			);
			buildRules = (
			);
			dependencies = (
			);
			name = Eaxmple;
			productName = Eaxmple;
			productReference = 877DE48B1B16368F00D3C5E2 /* Eaxmple.app */;
			productType = "com.apple.product-type.application";
		};
		877DE4A31B16368F00D3C5E2 /* EaxmpleTests */ = {
			isa = PBXNativeTarget;
			buildConfigurationList = 877DE4B11B16368F00D3C5E2 /* Build configuration list for PBXNativeTarget "EaxmpleTests" */;
			buildPhases = (
				877DE4A01B16368F00D3C5E2 /* Sources */,
				877DE4A11B16368F00D3C5E2 /* Frameworks */,
				877DE4A21B16368F00D3C5E2 /* Resources */,
			);
			buildRules = (
			);
			dependencies = (
				877DE4A61B16368F00D3C5E2 /* PBXTargetDependency */,
			);
			name = EaxmpleTests;
			productName = EaxmpleTests;
			productReference = 877DE4A41B16368F00D3C5E2 /* EaxmpleTests.xctest */;
			productType = "com.apple.product-type.bundle.unit-test";
		};
/* End PBXNativeTarget section */

/* Begin PBXProject section */
		877DE4831B16368F00D3C5E2 /* Project object */ = {
			isa = PBXProject;
			attributes = {
				LastUpgradeCheck = 0610;
				ORGANIZATIONNAME = ProV;
				TargetAttributes = {
					877DE48A1B16368F00D3C5E2 = {
						CreatedOnToolsVersion = 6.1.1;
					};
					877DE4A31B16368F00D3C5E2 = {
						CreatedOnToolsVersion = 6.1.1;
						TestTargetID = 877DE48A1B16368F00D3C5E2;
					};
				};
			};
			buildConfigurationList = 877DE4861B16368F00D3C5E2 /* Build configuration list for PBXProject "Eaxmple" */;
			compatibilityVersion = "Xcode 3.2";
			developmentRegion = English;
			hasScannedForEncodings = 0;
			knownRegions = (
				en,
				Base,
			);
			mainGroup = 877DE4821B16368F00D3C5E2;
			productRefGroup = 877DE48C1B16368F00D3C5E2 /* Products */;
			projectDirPath = "";
			projectRoot = "";
			targets = (
				877DE48A1B16368F00D3C5E2 /* Eaxmple */,
				877DE4A31B16368F00D3C5E2 /* EaxmpleTests */,
			);
		};
/* End PBXProject section */

/* Begin PBXResourcesBuildPhase section */
		877DE4891B16368F00D3C5E2 /* Resources */ = {
			isa = PBXResourcesBuildPhase;
			buildActionMask = 2147483647;
			files = (
				877DE49A1B16368F00D3C5E2 /* Main.storyboard in Resources */,
				877DE49F1B16368F00D3C5E2 /* LaunchScreen.xib in Resources */,
				877DE49C1B16368F00D3C5E2 /* Images.xcassets in Resources */,
			);
			runOnlyForDeploymentPostprocessing = 0;
		};
		877DE4A21B16368F00D3C5E2 /* Resources */ = {
			isa = PBXResourcesBuildPhase;
			buildActionMask = 2147483647;
			files = (
			);
			runOnlyForDeploymentPostprocessing = 0;
		};
/* End PBXResourcesBuildPhase section */

/* Begin PBXSourcesBuildPhase section */
		877DE4871B16368F00D3C5E2 /* Sources */ = {
			isa = PBXSourcesBuildPhase;
			buildActionMask = 2147483647;
			files = (
				877DE4971B16368F00D3C5E2 /* ViewController.m in Sources */,
				877DE4941B16368F00D3C5E2 /* AppDelegate.m in Sources */,
				877DE4911B16368F00D3C5E2 /* main.m in Sources */,
			);
			runOnlyForDeploymentPostprocessing = 0;
		};
		877DE4A01B16368F00D3C5E2 /* Sources */ = {
			isa = PBXSourcesBuildPhase;
			buildActionMask = 2147483647;
			files = (
				877DE4AB1B16368F00D3C5E2 /* EaxmpleTests.m in Sources */,
			);
			runOnlyForDeploymentPostprocessing = 0;
		};
/* End PBXSourcesBuildPhase section */

/* Begin PBXTargetDependency section */
		877DE4A61B16368F00D3C5E2 /* PBXTargetDependency */ = {
			isa = PBXTargetDependency;
			target = 877DE48A1B16368F00D3C5E2 /* Eaxmple */;
			targetProxy = 877DE4A51B16368F00D3C5E2 /* PBXContainerItemProxy */;
		};
/* End PBXTargetDependency section */

/* Begin PBXVariantGroup section */
		877DE4981B16368F00D3C5E2 /* Main.storyboard */ = {
			isa = PBXVariantGroup;
			children = (
				877DE4991B16368F00D3C5E2 /* Base */,
			);
			name = Main.storyboard;
			sourceTree = "<group>";
		};
		877DE49D1B16368F00D3C5E2 /* LaunchScreen.xib */ = {
			isa = PBXVariantGroup;
			children = (
				877DE49E1B16368F00D3C5E2 /* Base */,
			);
			name = LaunchScreen.xib;
			sourceTree = "<group>";
		};
/* End PBXVariantGroup section */

/* Begin XCBuildConfiguration section */
		877DE4AC1B16368F00D3C5E2 /* Debug */ = {
			isa = XCBuildConfiguration;
			buildSettings = {
				ALWAYS_SEARCH_USER_PATHS = NO;
				CLANG_CXX_LANGUAGE_STANDARD = "gnu++0x";
				CLANG_CXX_LIBRARY = "libc++";
				CLANG_ENABLE_MODULES = YES;
				CLANG_ENABLE_OBJC_ARC = YES;
				CLANG_WARN_BOOL_CONVERSION = YES;
				CLANG_WARN_CONSTANT_CONVERSION = YES;
				CLANG_WARN_DIRECT_OBJC_ISA_USAGE = YES_ERROR;
				CLANG_WARN_EMPTY_BODY = YES;
				CLANG_WARN_ENUM_CONVERSION = YES;
				CLANG_WARN_INT_CONVERSION = YES;
				CLANG_WARN_OBJC_ROOT_CLASS = YES_ERROR;
				CLANG_WARN_UNREACHABLE_CODE = YES;
				CLANG_WARN__DUPLICATE_METHOD_MATCH = YES;
				"CODE_SIGN_IDENTITY[sdk=iphoneos*]" = "iPhone Developer";
				COPY_PHASE_STRIP = NO;
				ENABLE_STRICT_OBJC_MSGSEND = YES;
				GCC_C_LANGUAGE_STANDARD = gnu99;
				GCC_DYNAMIC_NO_PIC = NO;
				GCC_OPTIMIZATION_LEVEL = 0;
				GCC_PREPROCESSOR_DEFINITIONS = (
					"DEBUG=1",
					"$(inherited)",
				);
				GCC_SYMBOLS_PRIVATE_EXTERN = NO;
				GCC_WARN_64_TO_32_BIT_CONVERSION = YES;
				GCC_WARN_ABOUT_RETURN_TYPE = YES_ERROR;
				GCC_WARN_UNDECLARED_SELECTOR = YES;
				GCC_WARN_UNINITIALIZED_AUTOS = YES_AGGRESSIVE;
				GCC_WARN_UNUSED_FUNCTION = YES;
				GCC_WARN_UNUSED_VARIABLE = YES;
				IPHONEOS_DEPLOYMENT_TARGET = 8.1;
				MTL_ENABLE_DEBUG_INFO = YES;
				ONLY_ACTIVE_ARCH = YES;
				SDKROOT = iphoneos;
			};
			name = Debug;
		};
		877DE4AD1B16368F00D3C5E2 /* Release */ = {
			isa = XCBuildConfiguration;
			buildSettings = {
				ALWAYS_SEARCH_USER_PATHS = NO;
				CLANG_CXX_LANGUAGE_STANDARD = "gnu++0x";
				CLANG_CXX_LIBRARY = "libc++";
				CLANG_ENABLE_MODULES = YES;
				CLANG_ENABLE_OBJC_ARC = YES;
				CLANG_WARN_BOOL_CONVERSION = YES;
				CLANG_WARN_CONSTANT_CONVERSION = YES;
				CLANG_WARN_DIRECT_OBJC_ISA_USAGE = YES_ERROR;
				CLANG_WARN_EMPTY_BODY = YES;
				CLANG_WARN_ENUM_CONVERSION = YES;
				CLANG_WARN_INT_CONVERSION = YES;
				CLANG_WARN_OBJC_ROOT_CLASS = YES_ERROR;
				CLANG_WARN_UNREACHABLE_CODE = YES;
				CLANG_WARN__DUPLICATE_METHOD_MATCH = YES;
				"CODE_SIGN_IDENTITY[sdk=iphoneos*]" = "iPhone Developer";
				COPY_PHASE_STRIP = YES;
				ENABLE_NS_ASSERTIONS = NO;
				ENABLE_STRICT_OBJC_MSGSEND = YES;
				GCC_C_LANGUAGE_STANDARD = gnu99;
				GCC_WARN_64_TO_32_BIT_CONVERSION = YES;
				GCC_WARN_ABOUT_RETURN_TYPE = YES_ERROR;
				GCC_WARN_UNDECLARED_SELECTOR = YES;
				GCC_WARN_UNINITIALIZED_AUTOS = YES_AGGRESSIVE;
				GCC_WARN_UNUSED_FUNCTION = YES;
				GCC_WARN_UNUSED_VARIABLE = YES;
				IPHONEOS_DEPLOYMENT_TARGET = 8.1;
				MTL_ENABLE_DEBUG_INFO = NO;
				SDKROOT = iphoneos;
				VALIDATE_PRODUCT = YES;
			};
			name = Release;
		};
		877DE4AF1B16368F00D3C5E2 /* Debug */ = {
			isa = XCBuildConfiguration;
			buildSettings = {
				ASSETCATALOG_COMPILER_APPICON_NAME = AppIcon;
				INFOPLIST_FILE = Eaxmple/Info.plist;
				LD_RUNPATH_SEARCH_PATHS = "$(inherited) @executable_path/Frameworks";
				PRODUCT_NAME = "$(TARGET_NAME)";
			};
			name = Debug;
		};
		877DE4B01B16368F00D3C5E2 /* Release */ = {
			isa = XCBuildConfiguration;
			buildSettings = {
				ASSETCATALOG_COMPILER_APPICON_NAME = AppIcon;
				INFOPLIST_FILE = Eaxmple/Info.plist;
				LD_RUNPATH_SEARCH_PATHS = "$(inherited) @executable_path/Frameworks";
				PRODUCT_NAME = "$(TARGET_NAME)";
			};
			name = Release;
		};
		877DE4B21B16368F00D3C5E2 /* Debug */ = {
			isa = XCBuildConfiguration;
			buildSettings = {
				BUNDLE_LOADER = "$(TEST_HOST)";
				FRAMEWORK_SEARCH_PATHS = (
					"$(SDKROOT)/Developer/Library/Frameworks",
					"$(inherited)",
				);
				GCC_PREPROCESSOR_DEFINITIONS = (
					"DEBUG=1",
					"$(inherited)",
				);
				INFOPLIST_FILE = EaxmpleTests/Info.plist;
				LD_RUNPATH_SEARCH_PATHS = "$(inherited) @executable_path/Frameworks @loader_path/Frameworks";
				PRODUCT_NAME = "$(TARGET_NAME)";
				TEST_HOST = "$(BUILT_PRODUCTS_DIR)/Eaxmple.app/Eaxmple";
			};
			name = Debug;
		};
		877DE4B31B16368F00D3C5E2 /* Release */ = {
			isa = XCBuildConfiguration;
			buildSettings = {
				BUNDLE_LOADER = "$(TEST_HOST)";
				FRAMEWORK_SEARCH_PATHS = (
					"$(SDKROOT)/Developer/Library/Frameworks",
					"$(inherited)",
				);
				INFOPLIST_FILE = EaxmpleTests/Info.plist;
				LD_RUNPATH_SEARCH_PATHS = "$(inherited) @executable_path/Frameworks @loader_path/Frameworks";
				PRODUCT_NAME = "$(TARGET_NAME)";
				TEST_HOST = "$(BUILT_PRODUCTS_DIR)/Eaxmple.app/Eaxmple";
			};
			name = Release;
		};
/* End XCBuildConfiguration section */

/* Begin XCConfigurationList section */
		877DE4861B16368F00D3C5E2 /* Build configuration list for PBXProject "Eaxmple" */ = {
			isa = XCConfigurationList;
			buildConfigurations = (
				877DE4AC1B16368F00D3C5E2 /* Debug */,
				877DE4AD1B16368F00D3C5E2 /* Release */,
			);
			defaultConfigurationIsVisible = 0;
			defaultConfigurationName = Release;
		};
		877DE4AE1B16368F00D3C5E2 /* Build configuration list for PBXNativeTarget "Eaxmple" */ = {
			isa = XCConfigurationList;
			buildConfigurations = (
				877DE4AF1B16368F00D3C5E2 /* Debug */,
				877DE4B01B16368F00D3C5E2 /* Release */,
			);
			defaultConfigurationIsVisible = 0;
		};
		877DE4B11B16368F00D3C5E2 /* Build configuration list for PBXNativeTarget "EaxmpleTests" */ = {
			isa = XCConfigurationList;
			buildConfigurations = (
				877DE4B21B16368F00D3C5E2 /* Debug */,
				877DE4B31B16368F00D3C5E2 /* Release */,
			);
			defaultConfigurationIsVisible = 0;
		};
/* End XCConfigurationList section */
	};
	rootObject = 877DE4831B16368F00D3C5E2 /* Project object */;
}
